
Microsoft Visual Studio Solution File, Format Version 12.00
# Visual Studio Version 17
VisualStudioVersion = 17.0.32014.148
MinimumVisualStudioVersion = 10.0.40219.1
Project("{FAE04EC0-301F-11D3-BF4B-00C04F79EFBC}") = "Oppgave-ClassOgConstructor", "Oppgave-ClassOgConstructor\Oppgave-ClassOgConstructor.csproj", "{9C3343CF-8FA2-4097-B53A-BF3C80174194}"
EndProject
Global
	GlobalSection(SolutionConfigurationPlatforms) = preSolution
		Debug|Any CPU = Debug|Any CPU
		Release|Any CPU = Release|Any CPU
	EndGlobalSection
	GlobalSection(ProjectConfigurationPlatforms) = postSolution
		{9C3343CF-8FA2-4097-B53A-BF3C80174194}.Debug|Any CPU.ActiveCfg = Debug|Any CPU
		{9C3343CF-8FA2-4097-B53A-BF3C80174194}.Debug|Any CPU.Build.0 = Debug|Any CPU
		{9C3343CF-8FA2-4097-B53A-BF3C80174194}.Release|Any CPU.ActiveCfg = Release|Any CPU
		{9C3343CF-8FA2-4097-B53A-BF3C80174194}.Release|Any CPU.Build.0 = Release|Any CPU
	EndGlobalSection
	GlobalSection(SolutionProperties) = preSolution
		HideSolutionNode = FALSE
	EndGlobalSection
	GlobalSection(ExtensibilityGlobals) = postSolution
		SolutionGuid = {579594E0-8E36-4C13-9F30-0E9A4F31B421}
	EndGlobalSection
EndGlobal
